# THIS IS AN AUTOGENERATED FILE. DO NOT EDIT THIS FILE DIRECTLY.
# yarn lockfile v1


"@types/lodash@^4.17.14":
  version "4.17.14"
  resolved "https://registry.yarnpkg.com/@types/lodash/-/lodash-4.17.14.tgz#bafc053533f4cdc5fcc9635af46a963c1f3deaff"
  integrity sha512-jsxagdikDiDBeIRaPYtArcT8my4tN1og7MtMRquFT3XNA6axxyHDRUemqDz/taRDdOUn0GnGHRCuff4q48sW9A==

"@types/node@^22.10.6":
  version "22.10.6"
  resolved "https://registry.yarnpkg.com/@types/node/-/node-22.10.6.tgz#5c6795e71635876039f853cbccd59f523d9e4239"
  integrity sha512-qNiuwC4ZDAUNcY47xgaSuS92cjf8JbSUoaKS77bmLG1rU7MlATVSiw/IlrjtIyyskXBZ8KkNfjK/P5na7rgXbQ==
  dependencies:
    undici-types "~6.20.0"

"@types/screeps@^3.3.8":
  version "3.3.8"
  resolved "https://registry.yarnpkg.com/@types/screeps/-/screeps-3.3.8.tgz#64ca98d10e250ef454508db17919b1927c744cb6"
  integrity sha512-PlZRi5l0RaYNI67BgH4AUxhPeK9fKOyPNdFOVYiT66Olj1RtTjEaPY/REUNTSFKREczKM4oeLuVebJh6uorxzw==

undici-types@~6.20.0:
  version "6.20.0"
  resolved "https://registry.yarnpkg.com/undici-types/-/undici-types-6.20.0.tgz#8171bf22c1f588d1554d55bf204bc624af388433"
  integrity sha512-Ny6QZ2Nju20vw1SRHe3d9jVu6gJ+4e3+MMpqu7pqE5HT6WsTSlce++GQmK5UXS8mzV8DSYHrQH+Xrf2jVcuKNg==
